
Microsoft Visual Studio Solution File, Format Version 12.00
# Visual Studio Version 16
VisualStudioVersion = 16.0.30717.126
MinimumVisualStudioVersion = 10.0.40219.1
Project("{FAE04EC0-301F-11D3-BF4B-00C04F79EFBC}") = "WebProject2020", "WebProject2020\WebProject2020.csproj", "{8932B96C-C46B-4CBE-8291-8B3A13BEE4AD}"
EndProject
Global
	GlobalSection(SolutionConfigurationPlatforms) = preSolution
		Debug|Any CPU = Debug|Any CPU
		Release|Any CPU = Release|Any CPU
	EndGlobalSection
	GlobalSection(ProjectConfigurationPlatforms) = postSolution
		{8932B96C-C46B-4CBE-8291-8B3A13BEE4AD}.Debug|Any CPU.ActiveCfg = Debug|Any CPU
		{8932B96C-C46B-4CBE-8291-8B3A13BEE4AD}.Debug|Any CPU.Build.0 = Debug|Any CPU
		{8932B96C-C46B-4CBE-8291-8B3A13BEE4AD}.Release|Any CPU.ActiveCfg = Release|Any CPU
		{8932B96C-C46B-4CBE-8291-8B3A13BEE4AD}.Release|Any CPU.Build.0 = Release|Any CPU
	EndGlobalSection
	GlobalSection(SolutionProperties) = preSolution
		HideSolutionNode = FALSE
	EndGlobalSection
	GlobalSection(ExtensibilityGlobals) = postSolution
		SolutionGuid = {81030C3F-D9AE-4F07-AD78-D841EE469F70}
	EndGlobalSection
EndGlobal
